// !$*UTF8*$!
{
	archiveVersion = 1;
	classes = {
	};
	objectVersion = 56;
	objects = {

/* Begin PBXBuildFile section */
		265DD07EB3AE96A52037D536 /* Pods_Smart_RecipesTests.framework in Frameworks */ = {isa = PBXBuildFile; fileRef = 8D2997B9EAE81B88E302F770 /* Pods_Smart_RecipesTests.framework */; };
		632399D429C75E7D00EF5F8C /* User.swift in Sources */ = {isa = PBXBuildFile; fileRef = 632399D329C75E7D00EF5F8C /* User.swift */; };
		632399D629C75E8E00EF5F8C /* UserManager.swift in Sources */ = {isa = PBXBuildFile; fileRef = 632399D529C75E8E00EF5F8C /* UserManager.swift */; };
		6327455429F13A30003D5147 /* UserAPI.swift in Sources */ = {isa = PBXBuildFile; fileRef = 6327455329F13A30003D5147 /* UserAPI.swift */; };
		6327455629F13AC1003D5147 /* Token.swift in Sources */ = {isa = PBXBuildFile; fileRef = 6327455529F13AC1003D5147 /* Token.swift */; };
		6327455929F1435A003D5147 /* KeychainWrapper.swift in Sources */ = {isa = PBXBuildFile; fileRef = 6327455829F1435A003D5147 /* KeychainWrapper.swift */; };
		6327455B29F14907003D5147 /* KeychainItemAccessibility.swift in Sources */ = {isa = PBXBuildFile; fileRef = 6327455A29F14907003D5147 /* KeychainItemAccessibility.swift */; };
		6327455D29F149F9003D5147 /* KeychainManager.swift in Sources */ = {isa = PBXBuildFile; fileRef = 6327455C29F149F9003D5147 /* KeychainManager.swift */; };
		6327456129F15059003D5147 /* AccountFieldsViewController.swift in Sources */ = {isa = PBXBuildFile; fileRef = 6327456029F15059003D5147 /* AccountFieldsViewController.swift */; };
		6352653829CB611200B0876C /* Pods_Smart_Recipes.framework in Frameworks */ = {isa = PBXBuildFile; fileRef = ACA5EBC4FD9A3666EB92BFDF /* Pods_Smart_Recipes.framework */; };
		6352653929CB611200B0876C /* Pods_Smart_Recipes.framework in Embed Frameworks */ = {isa = PBXBuildFile; fileRef = ACA5EBC4FD9A3666EB92BFDF /* Pods_Smart_Recipes.framework */; settings = {ATTRIBUTES = (CodeSignOnCopy, RemoveHeadersOnCopy, ); }; };
		6378E00829C71710007052AD /* AppDelegate.swift in Sources */ = {isa = PBXBuildFile; fileRef = 6378E00729C71710007052AD /* AppDelegate.swift */; };
		6378E00A29C71710007052AD /* SceneDelegate.swift in Sources */ = {isa = PBXBuildFile; fileRef = 6378E00929C71710007052AD /* SceneDelegate.swift */; };
		6378E00F29C71710007052AD /* Main.storyboard in Resources */ = {isa = PBXBuildFile; fileRef = 6378E00D29C71710007052AD /* Main.storyboard */; };
		6378E01129C71713007052AD /* Assets.xcassets in Resources */ = {isa = PBXBuildFile; fileRef = 6378E01029C71713007052AD /* Assets.xcassets */; };
		6378E01429C71713007052AD /* LaunchScreen.storyboard in Resources */ = {isa = PBXBuildFile; fileRef = 6378E01229C71713007052AD /* LaunchScreen.storyboard */; };
		6378E01F29C71713007052AD /* Smart_RecipesTests.swift in Sources */ = {isa = PBXBuildFile; fileRef = 6378E01E29C71713007052AD /* Smart_RecipesTests.swift */; };
		6378E02929C71714007052AD /* Smart_RecipesUITests.swift in Sources */ = {isa = PBXBuildFile; fileRef = 6378E02829C71714007052AD /* Smart_RecipesUITests.swift */; };
		6378E02B29C71714007052AD /* Smart_RecipesUITestsLaunchTests.swift in Sources */ = {isa = PBXBuildFile; fileRef = 6378E02A29C71714007052AD /* Smart_RecipesUITestsLaunchTests.swift */; };
		6378E03E29C75B11007052AD /* LoginViewController.swift in Sources */ = {isa = PBXBuildFile; fileRef = 6378E03C29C75B11007052AD /* LoginViewController.swift */; };
		C659509A6970BB7558DBB6A1 /* Pods_Smart_Recipes_Smart_RecipesUITests.framework in Frameworks */ = {isa = PBXBuildFile; fileRef = 186C207A392C2FD4576609EE /* Pods_Smart_Recipes_Smart_RecipesUITests.framework */; };
/* End PBXBuildFile section */

/* Begin PBXContainerItemProxy section */
		6378E01B29C71713007052AD /* PBXContainerItemProxy */ = {
			isa = PBXContainerItemProxy;
			containerPortal = 6378DFFC29C71710007052AD /* Project object */;
			proxyType = 1;
			remoteGlobalIDString = 6378E00329C71710007052AD;
			remoteInfo = "Smart Recipes";
		};
		6378E02529C71713007052AD /* PBXContainerItemProxy */ = {
			isa = PBXContainerItemProxy;
			containerPortal = 6378DFFC29C71710007052AD /* Project object */;
			proxyType = 1;
			remoteGlobalIDString = 6378E00329C71710007052AD;
			remoteInfo = "Smart Recipes";
		};
/* End PBXContainerItemProxy section */

/* Begin PBXCopyFilesBuildPhase section */
		6352653A29CB611200B0876C /* Embed Frameworks */ = {
			isa = PBXCopyFilesBuildPhase;
			buildActionMask = 2147483647;
			dstPath = "";
			dstSubfolderSpec = 10;
			files = (
				6352653929CB611200B0876C /* Pods_Smart_Recipes.framework in Embed Frameworks */,
			);
			name = "Embed Frameworks";
			runOnlyForDeploymentPostprocessing = 0;
		};
/* End PBXCopyFilesBuildPhase section */

/* Begin PBXFileReference section */
		0A1ECA1B3AFFD5925F7FF401 /* Pods-Smart RecipesTests.debug.xcconfig */ = {isa = PBXFileReference; includeInIndex = 1; lastKnownFileType = text.xcconfig; name = "Pods-Smart RecipesTests.debug.xcconfig"; path = "Target Support Files/Pods-Smart RecipesTests/Pods-Smart RecipesTests.debug.xcconfig"; sourceTree = "<group>"; };
		186C207A392C2FD4576609EE /* Pods_Smart_Recipes_Smart_RecipesUITests.framework */ = {isa = PBXFileReference; explicitFileType = wrapper.framework; includeInIndex = 0; path = Pods_Smart_Recipes_Smart_RecipesUITests.framework; sourceTree = BUILT_PRODUCTS_DIR; };
		632399D329C75E7D00EF5F8C /* User.swift */ = {isa = PBXFileReference; lastKnownFileType = sourcecode.swift; path = User.swift; sourceTree = "<group>"; };
		632399D529C75E8E00EF5F8C /* UserManager.swift */ = {isa = PBXFileReference; lastKnownFileType = sourcecode.swift; path = UserManager.swift; sourceTree = "<group>"; };
		6327455329F13A30003D5147 /* UserAPI.swift */ = {isa = PBXFileReference; lastKnownFileType = sourcecode.swift; path = UserAPI.swift; sourceTree = "<group>"; };
		6327455529F13AC1003D5147 /* Token.swift */ = {isa = PBXFileReference; lastKnownFileType = sourcecode.swift; path = Token.swift; sourceTree = "<group>"; };
		6327455829F1435A003D5147 /* KeychainWrapper.swift */ = {isa = PBXFileReference; lastKnownFileType = sourcecode.swift; path = KeychainWrapper.swift; sourceTree = "<group>"; };
		6327455A29F14907003D5147 /* KeychainItemAccessibility.swift */ = {isa = PBXFileReference; lastKnownFileType = sourcecode.swift; path = KeychainItemAccessibility.swift; sourceTree = "<group>"; };
		6327455C29F149F9003D5147 /* KeychainManager.swift */ = {isa = PBXFileReference; lastKnownFileType = sourcecode.swift; path = KeychainManager.swift; sourceTree = "<group>"; };
		6327456029F15059003D5147 /* AccountFieldsViewController.swift */ = {isa = PBXFileReference; lastKnownFileType = sourcecode.swift; path = AccountFieldsViewController.swift; sourceTree = "<group>"; };
		6378E00429C71710007052AD /* Smart Recipes.app */ = {isa = PBXFileReference; explicitFileType = wrapper.application; includeInIndex = 0; path = "Smart Recipes.app"; sourceTree = BUILT_PRODUCTS_DIR; };
		6378E00729C71710007052AD /* AppDelegate.swift */ = {isa = PBXFileReference; lastKnownFileType = sourcecode.swift; path = AppDelegate.swift; sourceTree = "<group>"; };
		6378E00929C71710007052AD /* SceneDelegate.swift */ = {isa = PBXFileReference; lastKnownFileType = sourcecode.swift; path = SceneDelegate.swift; sourceTree = "<group>"; };
		6378E00E29C71710007052AD /* Base */ = {isa = PBXFileReference; lastKnownFileType = file.storyboard; name = Base; path = Base.lproj/Main.storyboard; sourceTree = "<group>"; };
		6378E01029C71713007052AD /* Assets.xcassets */ = {isa = PBXFileReference; lastKnownFileType = folder.assetcatalog; path = Assets.xcassets; sourceTree = "<group>"; };
		6378E01329C71713007052AD /* Base */ = {isa = PBXFileReference; lastKnownFileType = file.storyboard; name = Base; path = Base.lproj/LaunchScreen.storyboard; sourceTree = "<group>"; };
		6378E01529C71713007052AD /* Info.plist */ = {isa = PBXFileReference; lastKnownFileType = text.plist.xml; path = Info.plist; sourceTree = "<group>"; };
		6378E01A29C71713007052AD /* Smart RecipesTests.xctest */ = {isa = PBXFileReference; explicitFileType = wrapper.cfbundle; includeInIndex = 0; path = "Smart RecipesTests.xctest"; sourceTree = BUILT_PRODUCTS_DIR; };
		6378E01E29C71713007052AD /* Smart_RecipesTests.swift */ = {isa = PBXFileReference; lastKnownFileType = sourcecode.swift; path = Smart_RecipesTests.swift; sourceTree = "<group>"; };
		6378E02429C71713007052AD /* Smart RecipesUITests.xctest */ = {isa = PBXFileReference; explicitFileType = wrapper.cfbundle; includeInIndex = 0; path = "Smart RecipesUITests.xctest"; sourceTree = BUILT_PRODUCTS_DIR; };
		6378E02829C71714007052AD /* Smart_RecipesUITests.swift */ = {isa = PBXFileReference; lastKnownFileType = sourcecode.swift; path = Smart_RecipesUITests.swift; sourceTree = "<group>"; };
		6378E02A29C71714007052AD /* Smart_RecipesUITestsLaunchTests.swift */ = {isa = PBXFileReference; lastKnownFileType = sourcecode.swift; path = Smart_RecipesUITestsLaunchTests.swift; sourceTree = "<group>"; };
		6378E03C29C75B11007052AD /* LoginViewController.swift */ = {isa = PBXFileReference; lastKnownFileType = sourcecode.swift; path = LoginViewController.swift; sourceTree = "<group>"; };
		70A9FBB2BD194F5FECA10128 /* Pods-Smart RecipesTests.release.xcconfig */ = {isa = PBXFileReference; includeInIndex = 1; lastKnownFileType = text.xcconfig; name = "Pods-Smart RecipesTests.release.xcconfig"; path = "Target Support Files/Pods-Smart RecipesTests/Pods-Smart RecipesTests.release.xcconfig"; sourceTree = "<group>"; };
		71254417023D938DC319D87C /* Pods-Smart Recipes-Smart RecipesUITests.debug.xcconfig */ = {isa = PBXFileReference; includeInIndex = 1; lastKnownFileType = text.xcconfig; name = "Pods-Smart Recipes-Smart RecipesUITests.debug.xcconfig"; path = "Target Support Files/Pods-Smart Recipes-Smart RecipesUITests/Pods-Smart Recipes-Smart RecipesUITests.debug.xcconfig"; sourceTree = "<group>"; };
		761F1E1A2BE050AD50FC637F /* Pods-Smart Recipes.release.xcconfig */ = {isa = PBXFileReference; includeInIndex = 1; lastKnownFileType = text.xcconfig; name = "Pods-Smart Recipes.release.xcconfig"; path = "Target Support Files/Pods-Smart Recipes/Pods-Smart Recipes.release.xcconfig"; sourceTree = "<group>"; };
		8D2997B9EAE81B88E302F770 /* Pods_Smart_RecipesTests.framework */ = {isa = PBXFileReference; explicitFileType = wrapper.framework; includeInIndex = 0; path = Pods_Smart_RecipesTests.framework; sourceTree = BUILT_PRODUCTS_DIR; };
		ACA5EBC4FD9A3666EB92BFDF /* Pods_Smart_Recipes.framework */ = {isa = PBXFileReference; explicitFileType = wrapper.framework; includeInIndex = 0; path = Pods_Smart_Recipes.framework; sourceTree = BUILT_PRODUCTS_DIR; };
		BC2828DD8D26B3531B7B8478 /* Pods-Smart Recipes.debug.xcconfig */ = {isa = PBXFileReference; includeInIndex = 1; lastKnownFileType = text.xcconfig; name = "Pods-Smart Recipes.debug.xcconfig"; path = "Target Support Files/Pods-Smart Recipes/Pods-Smart Recipes.debug.xcconfig"; sourceTree = "<group>"; };
		C2E7B08EFD4612D949C9073C /* Pods-Smart Recipes-Smart RecipesUITests.release.xcconfig */ = {isa = PBXFileReference; includeInIndex = 1; lastKnownFileType = text.xcconfig; name = "Pods-Smart Recipes-Smart RecipesUITests.release.xcconfig"; path = "Target Support Files/Pods-Smart Recipes-Smart RecipesUITests/Pods-Smart Recipes-Smart RecipesUITests.release.xcconfig"; sourceTree = "<group>"; };
/* End PBXFileReference section */

/* Begin PBXFrameworksBuildPhase section */
		6378E00129C71710007052AD /* Frameworks */ = {
			isa = PBXFrameworksBuildPhase;
			buildActionMask = 2147483647;
			files = (
				6352653829CB611200B0876C /* Pods_Smart_Recipes.framework in Frameworks */,
			);
			runOnlyForDeploymentPostprocessing = 0;
		};
		6378E01729C71713007052AD /* Frameworks */ = {
			isa = PBXFrameworksBuildPhase;
			buildActionMask = 2147483647;
			files = (
				265DD07EB3AE96A52037D536 /* Pods_Smart_RecipesTests.framework in Frameworks */,
			);
			runOnlyForDeploymentPostprocessing = 0;
		};
		6378E02129C71713007052AD /* Frameworks */ = {
			isa = PBXFrameworksBuildPhase;
			buildActionMask = 2147483647;
			files = (
				C659509A6970BB7558DBB6A1 /* Pods_Smart_Recipes_Smart_RecipesUITests.framework in Frameworks */,
			);
			runOnlyForDeploymentPostprocessing = 0;
		};
/* End PBXFrameworksBuildPhase section */

/* Begin PBXGroup section */
		5F2D7D8A62C46536C5AC6627 /* Pods */ = {
			isa = PBXGroup;
			children = (
				BC2828DD8D26B3531B7B8478 /* Pods-Smart Recipes.debug.xcconfig */,
				761F1E1A2BE050AD50FC637F /* Pods-Smart Recipes.release.xcconfig */,
				71254417023D938DC319D87C /* Pods-Smart Recipes-Smart RecipesUITests.debug.xcconfig */,
				C2E7B08EFD4612D949C9073C /* Pods-Smart Recipes-Smart RecipesUITests.release.xcconfig */,
				0A1ECA1B3AFFD5925F7FF401 /* Pods-Smart RecipesTests.debug.xcconfig */,
				70A9FBB2BD194F5FECA10128 /* Pods-Smart RecipesTests.release.xcconfig */,
			);
			path = Pods;
			sourceTree = "<group>";
		};
		6327455729F141F5003D5147 /* KeychainWrapper */ = {
			isa = PBXGroup;
			children = (
				6327455829F1435A003D5147 /* KeychainWrapper.swift */,
				6327455A29F14907003D5147 /* KeychainItemAccessibility.swift */,
				6327455C29F149F9003D5147 /* KeychainManager.swift */,
			);
			path = KeychainWrapper;
			sourceTree = "<group>";
		};
		6378DFFB29C71710007052AD = {
			isa = PBXGroup;
			children = (
				6378E00629C71710007052AD /* Smart Recipes */,
				6378E01D29C71713007052AD /* Smart RecipesTests */,
				6378E02729C71713007052AD /* Smart RecipesUITests */,
				6378E00529C71710007052AD /* Products */,
				5F2D7D8A62C46536C5AC6627 /* Pods */,
				ECF35AB6F865E1E5C41E849D /* Frameworks */,
			);
			sourceTree = "<group>";
		};
		6378E00529C71710007052AD /* Products */ = {
			isa = PBXGroup;
			children = (
				6378E00429C71710007052AD /* Smart Recipes.app */,
				6378E01A29C71713007052AD /* Smart RecipesTests.xctest */,
				6378E02429C71713007052AD /* Smart RecipesUITests.xctest */,
			);
			name = Products;
			sourceTree = "<group>";
		};
		6378E00629C71710007052AD /* Smart Recipes */ = {
			isa = PBXGroup;
			children = (
				6378E03729C71783007052AD /* Model */,
				6378E03829C7178B007052AD /* View */,
				6378E03929C71791007052AD /* Controller */,
				6378E00729C71710007052AD /* AppDelegate.swift */,
				6378E00929C71710007052AD /* SceneDelegate.swift */,
				6378E01029C71713007052AD /* Assets.xcassets */,
				6378E01229C71713007052AD /* LaunchScreen.storyboard */,
				6378E01529C71713007052AD /* Info.plist */,
			);
			path = "Smart Recipes";
			sourceTree = "<group>";
		};
		6378E01D29C71713007052AD /* Smart RecipesTests */ = {
			isa = PBXGroup;
			children = (
				6378E01E29C71713007052AD /* Smart_RecipesTests.swift */,
			);
			path = "Smart RecipesTests";
			sourceTree = "<group>";
		};
		6378E02729C71713007052AD /* Smart RecipesUITests */ = {
			isa = PBXGroup;
			children = (
				6378E02829C71714007052AD /* Smart_RecipesUITests.swift */,
				6378E02A29C71714007052AD /* Smart_RecipesUITestsLaunchTests.swift */,
			);
			path = "Smart RecipesUITests";
			sourceTree = "<group>";
		};
		6378E03729C71783007052AD /* Model */ = {
			isa = PBXGroup;
			children = (
				6327455729F141F5003D5147 /* KeychainWrapper */,
				6378E03B29C75AAB007052AD /* Managers */,
				6378E03A29C75A80007052AD /* Classes */,
			);
			path = Model;
			sourceTree = "<group>";
		};
		6378E03829C7178B007052AD /* View */ = {
			isa = PBXGroup;
			children = (
				6378E00D29C71710007052AD /* Main.storyboard */,
			);
			path = View;
			sourceTree = "<group>";
		};
		6378E03929C71791007052AD /* Controller */ = {
			isa = PBXGroup;
			children = (
				6378E03C29C75B11007052AD /* LoginViewController.swift */,
				6327456029F15059003D5147 /* AccountFieldsViewController.swift */,
			);
			path = Controller;
			sourceTree = "<group>";
		};
		6378E03A29C75A80007052AD /* Classes */ = {
			isa = PBXGroup;
			children = (
				632399D329C75E7D00EF5F8C /* User.swift */,
				6327455529F13AC1003D5147 /* Token.swift */,
			);
			path = Classes;
			sourceTree = "<group>";
		};
		6378E03B29C75AAB007052AD /* Managers */ = {
			isa = PBXGroup;
			children = (
				632399D529C75E8E00EF5F8C /* UserManager.swift */,
				6327455329F13A30003D5147 /* UserAPI.swift */,
			);
			path = Managers;
			sourceTree = "<group>";
		};
		ECF35AB6F865E1E5C41E849D /* Frameworks */ = {
			isa = PBXGroup;
			children = (
				ACA5EBC4FD9A3666EB92BFDF /* Pods_Smart_Recipes.framework */,
				186C207A392C2FD4576609EE /* Pods_Smart_Recipes_Smart_RecipesUITests.framework */,
				8D2997B9EAE81B88E302F770 /* Pods_Smart_RecipesTests.framework */,
			);
			name = Frameworks;
			sourceTree = "<group>";
		};
/* End PBXGroup section */

/* Begin PBXNativeTarget section */
		6378E00329C71710007052AD /* Smart Recipes */ = {
			isa = PBXNativeTarget;
			buildConfigurationList = 6378E02E29C71714007052AD /* Build configuration list for PBXNativeTarget "Smart Recipes" */;
			buildPhases = (
				3C9B24FCE0B4ECA0B324788B /* [CP] Check Pods Manifest.lock */,
				6378E00029C71710007052AD /* Sources */,
				6378E00129C71710007052AD /* Frameworks */,
				6378E00229C71710007052AD /* Resources */,
				6352653A29CB611200B0876C /* Embed Frameworks */,
			);
			buildRules = (
			);
			dependencies = (
			);
			name = "Smart Recipes";
			productName = "Smart Recipes";
			productReference = 6378E00429C71710007052AD /* Smart Recipes.app */;
			productType = "com.apple.product-type.application";
		};
		6378E01929C71713007052AD /* Smart RecipesTests */ = {
			isa = PBXNativeTarget;
			buildConfigurationList = 6378E03129C71714007052AD /* Build configuration list for PBXNativeTarget "Smart RecipesTests" */;
			buildPhases = (
				46CB3F032BF803B00A2C77F3 /* [CP] Check Pods Manifest.lock */,
				6378E01629C71713007052AD /* Sources */,
				6378E01729C71713007052AD /* Frameworks */,
				6378E01829C71713007052AD /* Resources */,
			);
			buildRules = (
			);
			dependencies = (
				6378E01C29C71713007052AD /* PBXTargetDependency */,
			);
			name = "Smart RecipesTests";
			productName = "Smart RecipesTests";
			productReference = 6378E01A29C71713007052AD /* Smart RecipesTests.xctest */;
			productType = "com.apple.product-type.bundle.unit-test";
		};
		6378E02329C71713007052AD /* Smart RecipesUITests */ = {
			isa = PBXNativeTarget;
			buildConfigurationList = 6378E03429C71714007052AD /* Build configuration list for PBXNativeTarget "Smart RecipesUITests" */;
			buildPhases = (
				4517A4E5C87B90318BC2FA0B /* [CP] Check Pods Manifest.lock */,
				6378E02029C71713007052AD /* Sources */,
				6378E02129C71713007052AD /* Frameworks */,
				6378E02229C71713007052AD /* Resources */,
			);
			buildRules = (
			);
			dependencies = (
				6378E02629C71713007052AD /* PBXTargetDependency */,
			);
			name = "Smart RecipesUITests";
			productName = "Smart RecipesUITests";
			productReference = 6378E02429C71713007052AD /* Smart RecipesUITests.xctest */;
			productType = "com.apple.product-type.bundle.ui-testing";
		};
/* End PBXNativeTarget section */

/* Begin PBXProject section */
		6378DFFC29C71710007052AD /* Project object */ = {
			isa = PBXProject;
			attributes = {
				BuildIndependentTargetsInParallel = 1;
				LastSwiftUpdateCheck = 1420;
				LastUpgradeCheck = 1420;
				TargetAttributes = {
					6378E00329C71710007052AD = {
						CreatedOnToolsVersion = 14.2;
					};
					6378E01929C71713007052AD = {
						CreatedOnToolsVersion = 14.2;
						TestTargetID = 6378E00329C71710007052AD;
					};
					6378E02329C71713007052AD = {
						CreatedOnToolsVersion = 14.2;
						TestTargetID = 6378E00329C71710007052AD;
					};
				};
			};
			buildConfigurationList = 6378DFFF29C71710007052AD /* Build configuration list for PBXProject "Smart Recipes" */;
			compatibilityVersion = "Xcode 14.0";
			developmentRegion = en;
			hasScannedForEncodings = 0;
			knownRegions = (
				en,
				Base,
			);
			mainGroup = 6378DFFB29C71710007052AD;
			productRefGroup = 6378E00529C71710007052AD /* Products */;
			projectDirPath = "";
			projectRoot = "";
			targets = (
				6378E00329C71710007052AD /* Smart Recipes */,
				6378E01929C71713007052AD /* Smart RecipesTests */,
				6378E02329C71713007052AD /* Smart RecipesUITests */,
			);
		};
/* End PBXProject section */

/* Begin PBXResourcesBuildPhase section */
		6378E00229C71710007052AD /* Resources */ = {
			isa = PBXResourcesBuildPhase;
			buildActionMask = 2147483647;
			files = (
				6378E01429C71713007052AD /* LaunchScreen.storyboard in Resources */,
				6378E01129C71713007052AD /* Assets.xcassets in Resources */,
				6378E00F29C71710007052AD /* Main.storyboard in Resources */,
			);
			runOnlyForDeploymentPostprocessing = 0;
		};
		6378E01829C71713007052AD /* Resources */ = {
			isa = PBXResourcesBuildPhase;
			buildActionMask = 2147483647;
			files = (
			);
			runOnlyForDeploymentPostprocessing = 0;
		};
		6378E02229C71713007052AD /* Resources */ = {
			isa = PBXResourcesBuildPhase;
			buildActionMask = 2147483647;
			files = (
			);
			runOnlyForDeploymentPostprocessing = 0;
		};
/* End PBXResourcesBuildPhase section */

/* Begin PBXShellScriptBuildPhase section */
		3C9B24FCE0B4ECA0B324788B /* [CP] Check Pods Manifest.lock */ = {
			isa = PBXShellScriptBuildPhase;
			buildActionMask = 2147483647;
			files = (
			);
			inputFileListPaths = (
			);
			inputPaths = (
				"${PODS_PODFILE_DIR_PATH}/Podfile.lock",
				"${PODS_ROOT}/Manifest.lock",
			);
			name = "[CP] Check Pods Manifest.lock";
			outputFileListPaths = (
			);
			outputPaths = (
				"$(DERIVED_FILE_DIR)/Pods-Smart Recipes-checkManifestLockResult.txt",
			);
			runOnlyForDeploymentPostprocessing = 0;
			shellPath = /bin/sh;
			shellScript = "diff \"${PODS_PODFILE_DIR_PATH}/Podfile.lock\" \"${PODS_ROOT}/Manifest.lock\" > /dev/null\nif [ $? != 0 ] ; then\n    # print error to STDERR\n    echo \"error: The sandbox is not in sync with the Podfile.lock. Run 'pod install' or update your CocoaPods installation.\" >&2\n    exit 1\nfi\n# This output is used by Xcode 'outputs' to avoid re-running this script phase.\necho \"SUCCESS\" > \"${SCRIPT_OUTPUT_FILE_0}\"\n";
			showEnvVarsInLog = 0;
		};
		4517A4E5C87B90318BC2FA0B /* [CP] Check Pods Manifest.lock */ = {
			isa = PBXShellScriptBuildPhase;
			buildActionMask = 2147483647;
			files = (
			);
			inputFileListPaths = (
			);
			inputPaths = (
				"${PODS_PODFILE_DIR_PATH}/Podfile.lock",
				"${PODS_ROOT}/Manifest.lock",
			);
			name = "[CP] Check Pods Manifest.lock";
			outputFileListPaths = (
			);
			outputPaths = (
				"$(DERIVED_FILE_DIR)/Pods-Smart Recipes-Smart RecipesUITests-checkManifestLockResult.txt",
			);
			runOnlyForDeploymentPostprocessing = 0;
			shellPath = /bin/sh;
			shellScript = "diff \"${PODS_PODFILE_DIR_PATH}/Podfile.lock\" \"${PODS_ROOT}/Manifest.lock\" > /dev/null\nif [ $? != 0 ] ; then\n    # print error to STDERR\n    echo \"error: The sandbox is not in sync with the Podfile.lock. Run 'pod install' or update your CocoaPods installation.\" >&2\n    exit 1\nfi\n# This output is used by Xcode 'outputs' to avoid re-running this script phase.\necho \"SUCCESS\" > \"${SCRIPT_OUTPUT_FILE_0}\"\n";
			showEnvVarsInLog = 0;
		};
		46CB3F032BF803B00A2C77F3 /* [CP] Check Pods Manifest.lock */ = {
			isa = PBXShellScriptBuildPhase;
			buildActionMask = 2147483647;
			files = (
			);
			inputFileListPaths = (
			);
			inputPaths = (
				"${PODS_PODFILE_DIR_PATH}/Podfile.lock",
				"${PODS_ROOT}/Manifest.lock",
			);
			name = "[CP] Check Pods Manifest.lock";
			outputFileListPaths = (
			);
			outputPaths = (
				"$(DERIVED_FILE_DIR)/Pods-Smart RecipesTests-checkManifestLockResult.txt",
			);
			runOnlyForDeploymentPostprocessing = 0;
			shellPath = /bin/sh;
			shellScript = "diff \"${PODS_PODFILE_DIR_PATH}/Podfile.lock\" \"${PODS_ROOT}/Manifest.lock\" > /dev/null\nif [ $? != 0 ] ; then\n    # print error to STDERR\n    echo \"error: The sandbox is not in sync with the Podfile.lock. Run 'pod install' or update your CocoaPods installation.\" >&2\n    exit 1\nfi\n# This output is used by Xcode 'outputs' to avoid re-running this script phase.\necho \"SUCCESS\" > \"${SCRIPT_OUTPUT_FILE_0}\"\n";
			showEnvVarsInLog = 0;
		};
/* End PBXShellScriptBuildPhase section */

/* Begin PBXSourcesBuildPhase section */
		6378E00029C71710007052AD /* Sources */ = {
			isa = PBXSourcesBuildPhase;
			buildActionMask = 2147483647;
			files = (
				6327456129F15059003D5147 /* AccountFieldsViewController.swift in Sources */,
				632399D429C75E7D00EF5F8C /* User.swift in Sources */,
				6327455629F13AC1003D5147 /* Token.swift in Sources */,
				6378E03E29C75B11007052AD /* LoginViewController.swift in Sources */,
				6327455929F1435A003D5147 /* KeychainWrapper.swift in Sources */,
				6378E00829C71710007052AD /* AppDelegate.swift in Sources */,
				6327455B29F14907003D5147 /* KeychainItemAccessibility.swift in Sources */,
				632399D629C75E8E00EF5F8C /* UserManager.swift in Sources */,
				6378E00A29C71710007052AD /* SceneDelegate.swift in Sources */,
				6327455429F13A30003D5147 /* UserAPI.swift in Sources */,
				6327455D29F149F9003D5147 /* KeychainManager.swift in Sources */,
			);
			runOnlyForDeploymentPostprocessing = 0;
		};
		6378E01629C71713007052AD /* Sources */ = {
			isa = PBXSourcesBuildPhase;
			buildActionMask = 2147483647;
			files = (
				6378E01F29C71713007052AD /* Smart_RecipesTests.swift in Sources */,
			);
			runOnlyForDeploymentPostprocessing = 0;
		};
		6378E02029C71713007052AD /* Sources */ = {
			isa = PBXSourcesBuildPhase;
			buildActionMask = 2147483647;
			files = (
				6378E02B29C71714007052AD /* Smart_RecipesUITestsLaunchTests.swift in Sources */,
				6378E02929C71714007052AD /* Smart_RecipesUITests.swift in Sources */,
			);
			runOnlyForDeploymentPostprocessing = 0;
		};
/* End PBXSourcesBuildPhase section */

/* Begin PBXTargetDependency section */
		6378E01C29C71713007052AD /* PBXTargetDependency */ = {
			isa = PBXTargetDependency;
			target = 6378E00329C71710007052AD /* Smart Recipes */;
			targetProxy = 6378E01B29C71713007052AD /* PBXContainerItemProxy */;
		};
		6378E02629C71713007052AD /* PBXTargetDependency */ = {
			isa = PBXTargetDependency;
			target = 6378E00329C71710007052AD /* Smart Recipes */;
			targetProxy = 6378E02529C71713007052AD /* PBXContainerItemProxy */;
		};
/* End PBXTargetDependency section */

/* Begin PBXVariantGroup section */
		6378E00D29C71710007052AD /* Main.storyboard */ = {
			isa = PBXVariantGroup;
			children = (
				6378E00E29C71710007052AD /* Base */,
			);
			name = Main.storyboard;
			sourceTree = "<group>";
		};
		6378E01229C71713007052AD /* LaunchScreen.storyboard */ = {
			isa = PBXVariantGroup;
			children = (
				6378E01329C71713007052AD /* Base */,
			);
			name = LaunchScreen.storyboard;
			sourceTree = "<group>";
		};
/* End PBXVariantGroup section */

/* Begin XCBuildConfiguration section */
		6378E02C29C71714007052AD /* Debug */ = {
			isa = XCBuildConfiguration;
			buildSettings = {
				ALWAYS_SEARCH_USER_PATHS = NO;
				CLANG_ANALYZER_NONNULL = YES;
				CLANG_ANALYZER_NUMBER_OBJECT_CONVERSION = YES_AGGRESSIVE;
				CLANG_CXX_LANGUAGE_STANDARD = "gnu++20";
				CLANG_ENABLE_MODULES = YES;
				CLANG_ENABLE_OBJC_ARC = YES;
				CLANG_ENABLE_OBJC_WEAK = YES;
				CLANG_WARN_BLOCK_CAPTURE_AUTORELEASING = YES;
				CLANG_WARN_BOOL_CONVERSION = YES;
				CLANG_WARN_COMMA = YES;
				CLANG_WARN_CONSTANT_CONVERSION = YES;
				CLANG_WARN_DEPRECATED_OBJC_IMPLEMENTATIONS = YES;
				CLANG_WARN_DIRECT_OBJC_ISA_USAGE = YES_ERROR;
				CLANG_WARN_DOCUMENTATION_COMMENTS = YES;
				CLANG_WARN_EMPTY_BODY = YES;
				CLANG_WARN_ENUM_CONVERSION = YES;
				CLANG_WARN_INFINITE_RECURSION = YES;
				CLANG_WARN_INT_CONVERSION = YES;
				CLANG_WARN_NON_LITERAL_NULL_CONVERSION = YES;
				CLANG_WARN_OBJC_IMPLICIT_RETAIN_SELF = YES;
				CLANG_WARN_OBJC_LITERAL_CONVERSION = YES;
				CLANG_WARN_OBJC_ROOT_CLASS = YES_ERROR;
				CLANG_WARN_QUOTED_INCLUDE_IN_FRAMEWORK_HEADER = YES;
				CLANG_WARN_RANGE_LOOP_ANALYSIS = YES;
				CLANG_WARN_STRICT_PROTOTYPES = YES;
				CLANG_WARN_SUSPICIOUS_MOVE = YES;
				CLANG_WARN_UNGUARDED_AVAILABILITY = YES_AGGRESSIVE;
				CLANG_WARN_UNREACHABLE_CODE = YES;
				CLANG_WARN__DUPLICATE_METHOD_MATCH = YES;
				COPY_PHASE_STRIP = NO;
				DEBUG_INFORMATION_FORMAT = dwarf;
				ENABLE_STRICT_OBJC_MSGSEND = YES;
				ENABLE_TESTABILITY = YES;
				GCC_C_LANGUAGE_STANDARD = gnu11;
				GCC_DYNAMIC_NO_PIC = NO;
				GCC_NO_COMMON_BLOCKS = YES;
				GCC_OPTIMIZATION_LEVEL = 0;
				GCC_PREPROCESSOR_DEFINITIONS = (
					"DEBUG=1",
					"$(inherited)",
				);
				GCC_WARN_64_TO_32_BIT_CONVERSION = YES;
				GCC_WARN_ABOUT_RETURN_TYPE = YES_ERROR;
				GCC_WARN_UNDECLARED_SELECTOR = YES;
				GCC_WARN_UNINITIALIZED_AUTOS = YES_AGGRESSIVE;
				GCC_WARN_UNUSED_FUNCTION = YES;
				GCC_WARN_UNUSED_VARIABLE = YES;
				IPHONEOS_DEPLOYMENT_TARGET = 16.2;
				MTL_ENABLE_DEBUG_INFO = INCLUDE_SOURCE;
				MTL_FAST_MATH = YES;
				ONLY_ACTIVE_ARCH = YES;
				SDKROOT = iphoneos;
				SWIFT_ACTIVE_COMPILATION_CONDITIONS = DEBUG;
				SWIFT_OPTIMIZATION_LEVEL = "-Onone";
			};
			name = Debug;
		};
		6378E02D29C71714007052AD /* Release */ = {
			isa = XCBuildConfiguration;
			buildSettings = {
				ALWAYS_SEARCH_USER_PATHS = NO;
				CLANG_ANALYZER_NONNULL = YES;
				CLANG_ANALYZER_NUMBER_OBJECT_CONVERSION = YES_AGGRESSIVE;
				CLANG_CXX_LANGUAGE_STANDARD = "gnu++20";
				CLANG_ENABLE_MODULES = YES;
				CLANG_ENABLE_OBJC_ARC = YES;
				CLANG_ENABLE_OBJC_WEAK = YES;
				CLANG_WARN_BLOCK_CAPTURE_AUTORELEASING = YES;
				CLANG_WARN_BOOL_CONVERSION = YES;
				CLANG_WARN_COMMA = YES;
				CLANG_WARN_CONSTANT_CONVERSION = YES;
				CLANG_WARN_DEPRECATED_OBJC_IMPLEMENTATIONS = YES;
				CLANG_WARN_DIRECT_OBJC_ISA_USAGE = YES_ERROR;
				CLANG_WARN_DOCUMENTATION_COMMENTS = YES;
				CLANG_WARN_EMPTY_BODY = YES;
				CLANG_WARN_ENUM_CONVERSION = YES;
				CLANG_WARN_INFINITE_RECURSION = YES;
				CLANG_WARN_INT_CONVERSION = YES;
				CLANG_WARN_NON_LITERAL_NULL_CONVERSION = YES;
				CLANG_WARN_OBJC_IMPLICIT_RETAIN_SELF = YES;
				CLANG_WARN_OBJC_LITERAL_CONVERSION = YES;
				CLANG_WARN_OBJC_ROOT_CLASS = YES_ERROR;
				CLANG_WARN_QUOTED_INCLUDE_IN_FRAMEWORK_HEADER = YES;
				CLANG_WARN_RANGE_LOOP_ANALYSIS = YES;
				CLANG_WARN_STRICT_PROTOTYPES = YES;
				CLANG_WARN_SUSPICIOUS_MOVE = YES;
				CLANG_WARN_UNGUARDED_AVAILABILITY = YES_AGGRESSIVE;
				CLANG_WARN_UNREACHABLE_CODE = YES;
				CLANG_WARN__DUPLICATE_METHOD_MATCH = YES;
				COPY_PHASE_STRIP = NO;
				DEBUG_INFORMATION_FORMAT = "dwarf-with-dsym";
				ENABLE_NS_ASSERTIONS = NO;
				ENABLE_STRICT_OBJC_MSGSEND = YES;
				GCC_C_LANGUAGE_STANDARD = gnu11;
				GCC_NO_COMMON_BLOCKS = YES;
				GCC_WARN_64_TO_32_BIT_CONVERSION = YES;
				GCC_WARN_ABOUT_RETURN_TYPE = YES_ERROR;
				GCC_WARN_UNDECLARED_SELECTOR = YES;
				GCC_WARN_UNINITIALIZED_AUTOS = YES_AGGRESSIVE;
				GCC_WARN_UNUSED_FUNCTION = YES;
				GCC_WARN_UNUSED_VARIABLE = YES;
				IPHONEOS_DEPLOYMENT_TARGET = 16.2;
				MTL_ENABLE_DEBUG_INFO = NO;
				MTL_FAST_MATH = YES;
				SDKROOT = iphoneos;
				SWIFT_COMPILATION_MODE = wholemodule;
				SWIFT_OPTIMIZATION_LEVEL = "-O";
				VALIDATE_PRODUCT = YES;
			};
			name = Release;
		};
		6378E02F29C71714007052AD /* Debug */ = {
			isa = XCBuildConfiguration;
			baseConfigurationReference = BC2828DD8D26B3531B7B8478 /* Pods-Smart Recipes.debug.xcconfig */;
			buildSettings = {
				ASSETCATALOG_COMPILER_APPICON_NAME = AppIcon;
				ASSETCATALOG_COMPILER_GLOBAL_ACCENT_COLOR_NAME = AccentColor;
				CODE_SIGN_STYLE = Automatic;
				CURRENT_PROJECT_VERSION = 1;
				DEVELOPMENT_TEAM = Z4NZC2AMSY;
				GENERATE_INFOPLIST_FILE = YES;
				INFOPLIST_FILE = "Smart Recipes/Info.plist";
				INFOPLIST_KEY_UIApplicationSupportsIndirectInputEvents = YES;
				INFOPLIST_KEY_UILaunchStoryboardName = LaunchScreen;
				INFOPLIST_KEY_UIMainStoryboardFile = Main;
				INFOPLIST_KEY_UISupportedInterfaceOrientations_iPad = "UIInterfaceOrientationPortrait UIInterfaceOrientationPortraitUpsideDown UIInterfaceOrientationLandscapeLeft UIInterfaceOrientationLandscapeRight";
				INFOPLIST_KEY_UISupportedInterfaceOrientations_iPhone = "UIInterfaceOrientationPortrait UIInterfaceOrientationLandscapeLeft UIInterfaceOrientationLandscapeRight";
				LD_RUNPATH_SEARCH_PATHS = (
					"$(inherited)",
					"@executable_path/Frameworks",
				);
				MARKETING_VERSION = 1.0;
				PRODUCT_BUNDLE_IDENTIFIER = "ruxiC.Smart-Recipes";
				PRODUCT_NAME = "$(TARGET_NAME)";
				SWIFT_EMIT_LOC_STRINGS = YES;
				SWIFT_VERSION = 5.0;
				TARGETED_DEVICE_FAMILY = "1,2";
			};
			name = Debug;
		};
		6378E03029C71714007052AD /* Release */ = {
			isa = XCBuildConfiguration;
			baseConfigurationReference = 761F1E1A2BE050AD50FC637F /* Pods-Smart Recipes.release.xcconfig */;
			buildSettings = {
				ASSETCATALOG_COMPILER_APPICON_NAME = AppIcon;
				ASSETCATALOG_COMPILER_GLOBAL_ACCENT_COLOR_NAME = AccentColor;
				CODE_SIGN_STYLE = Automatic;
				CURRENT_PROJECT_VERSION = 1;
				DEVELOPMENT_TEAM = Z4NZC2AMSY;
				GENERATE_INFOPLIST_FILE = YES;
				INFOPLIST_FILE = "Smart Recipes/Info.plist";
				INFOPLIST_KEY_UIApplicationSupportsIndirectInputEvents = YES;
				INFOPLIST_KEY_UILaunchStoryboardName = LaunchScreen;
				INFOPLIST_KEY_UIMainStoryboardFile = Main;
				INFOPLIST_KEY_UISupportedInterfaceOrientations_iPad = "UIInterfaceOrientationPortrait UIInterfaceOrientationPortraitUpsideDown UIInterfaceOrientationLandscapeLeft UIInterfaceOrientationLandscapeRight";
				INFOPLIST_KEY_UISupportedInterfaceOrientations_iPhone = "UIInterfaceOrientationPortrait UIInterfaceOrientationLandscapeLeft UIInterfaceOrientationLandscapeRight";
				LD_RUNPATH_SEARCH_PATHS = (
					"$(inherited)",
					"@executable_path/Frameworks",
				);
				MARKETING_VERSION = 1.0;
				PRODUCT_BUNDLE_IDENTIFIER = "ruxiC.Smart-Recipes";
				PRODUCT_NAME = "$(TARGET_NAME)";
				SWIFT_EMIT_LOC_STRINGS = YES;
				SWIFT_VERSION = 5.0;
				TARGETED_DEVICE_FAMILY = "1,2";
			};
			name = Release;
		};
		6378E03229C71714007052AD /* Debug */ = {
			isa = XCBuildConfiguration;
			baseConfigurationReference = 0A1ECA1B3AFFD5925F7FF401 /* Pods-Smart RecipesTests.debug.xcconfig */;
			buildSettings = {
				ALWAYS_EMBED_SWIFT_STANDARD_LIBRARIES = YES;
				BUNDLE_LOADER = "$(TEST_HOST)";
				CODE_SIGN_STYLE = Automatic;
				CURRENT_PROJECT_VERSION = 1;
				DEVELOPMENT_TEAM = Z4NZC2AMSY;
				GENERATE_INFOPLIST_FILE = YES;
				IPHONEOS_DEPLOYMENT_TARGET = 16.2;
				MARKETING_VERSION = 1.0;
				PRODUCT_BUNDLE_IDENTIFIER = "ruxiC.Smart-RecipesTests";
				PRODUCT_NAME = "$(TARGET_NAME)";
				SWIFT_EMIT_LOC_STRINGS = NO;
				SWIFT_VERSION = 5.0;
				TARGETED_DEVICE_FAMILY = "1,2";
				TEST_HOST = "$(BUILT_PRODUCTS_DIR)/Smart Recipes.app/$(BUNDLE_EXECUTABLE_FOLDER_PATH)/Smart Recipes";
			};
			name = Debug;
		};
		6378E03329C71714007052AD /* Release */ = {
			isa = XCBuildConfiguration;
			baseConfigurationReference = 70A9FBB2BD194F5FECA10128 /* Pods-Smart RecipesTests.release.xcconfig */;
			buildSettings = {
				ALWAYS_EMBED_SWIFT_STANDARD_LIBRARIES = YES;
				BUNDLE_LOADER = "$(TEST_HOST)";
				CODE_SIGN_STYLE = Automatic;
				CURRENT_PROJECT_VERSION = 1;
				DEVELOPMENT_TEAM = Z4NZC2AMSY;
				GENERATE_INFOPLIST_FILE = YES;
				IPHONEOS_DEPLOYMENT_TARGET = 16.2;
				MARKETING_VERSION = 1.0;
				PRODUCT_BUNDLE_IDENTIFIER = "ruxiC.Smart-RecipesTests";
				PRODUCT_NAME = "$(TARGET_NAME)";
				SWIFT_EMIT_LOC_STRINGS = NO;
				SWIFT_VERSION = 5.0;
				TARGETED_DEVICE_FAMILY = "1,2";
				TEST_HOST = "$(BUILT_PRODUCTS_DIR)/Smart Recipes.app/$(BUNDLE_EXECUTABLE_FOLDER_PATH)/Smart Recipes";
			};
			name = Release;
		};
		6378E03529C71714007052AD /* Debug */ = {
			isa = XCBuildConfiguration;
			baseConfigurationReference = 71254417023D938DC319D87C /* Pods-Smart Recipes-Smart RecipesUITests.debug.xcconfig */;
			buildSettings = {
				ALWAYS_EMBED_SWIFT_STANDARD_LIBRARIES = YES;
				CODE_SIGN_STYLE = Automatic;
				CURRENT_PROJECT_VERSION = 1;
				DEVELOPMENT_TEAM = Z4NZC2AMSY;
				GENERATE_INFOPLIST_FILE = YES;
				MARKETING_VERSION = 1.0;
				PRODUCT_BUNDLE_IDENTIFIER = "ruxiC.Smart-RecipesUITests";
				PRODUCT_NAME = "$(TARGET_NAME)";
				SWIFT_EMIT_LOC_STRINGS = NO;
				SWIFT_VERSION = 5.0;
				TARGETED_DEVICE_FAMILY = "1,2";
				TEST_TARGET_NAME = "Smart Recipes";
			};
			name = Debug;
		};
		6378E03629C71714007052AD /* Release */ = {
			isa = XCBuildConfiguration;
			baseConfigurationReference = C2E7B08EFD4612D949C9073C /* Pods-Smart Recipes-Smart RecipesUITests.release.xcconfig */;
			buildSettings = {
				ALWAYS_EMBED_SWIFT_STANDARD_LIBRARIES = YES;
				CODE_SIGN_STYLE = Automatic;
				CURRENT_PROJECT_VERSION = 1;
				DEVELOPMENT_TEAM = Z4NZC2AMSY;
				GENERATE_INFOPLIST_FILE = YES;
				MARKETING_VERSION = 1.0;
				PRODUCT_BUNDLE_IDENTIFIER = "ruxiC.Smart-RecipesUITests";
				PRODUCT_NAME = "$(TARGET_NAME)";
				SWIFT_EMIT_LOC_STRINGS = NO;
				SWIFT_VERSION = 5.0;
				TARGETED_DEVICE_FAMILY = "1,2";
				TEST_TARGET_NAME = "Smart Recipes";
			};
			name = Release;
		};
/* End XCBuildConfiguration section */

/* Begin XCConfigurationList section */
		6378DFFF29C71710007052AD /* Build configuration list for PBXProject "Smart Recipes" */ = {
			isa = XCConfigurationList;
			buildConfigurations = (
				6378E02C29C71714007052AD /* Debug */,
				6378E02D29C71714007052AD /* Release */,
			);
			defaultConfigurationIsVisible = 0;
			defaultConfigurationName = Release;
		};
		6378E02E29C71714007052AD /* Build configuration list for PBXNativeTarget "Smart Recipes" */ = {
			isa = XCConfigurationList;
			buildConfigurations = (
				6378E02F29C71714007052AD /* Debug */,
				6378E03029C71714007052AD /* Release */,
			);
			defaultConfigurationIsVisible = 0;
			defaultConfigurationName = Release;
		};
		6378E03129C71714007052AD /* Build configuration list for PBXNativeTarget "Smart RecipesTests" */ = {
			isa = XCConfigurationList;
			buildConfigurations = (
				6378E03229C71714007052AD /* Debug */,
				6378E03329C71714007052AD /* Release */,
			);
			defaultConfigurationIsVisible = 0;
			defaultConfigurationName = Release;
		};
		6378E03429C71714007052AD /* Build configuration list for PBXNativeTarget "Smart RecipesUITests" */ = {
			isa = XCConfigurationList;
			buildConfigurations = (
				6378E03529C71714007052AD /* Debug */,
				6378E03629C71714007052AD /* Release */,
			);
			defaultConfigurationIsVisible = 0;
			defaultConfigurationName = Release;
		};
/* End XCConfigurationList section */
	};
	rootObject = 6378DFFC29C71710007052AD /* Project object */;
}
